
Microsoft Visual Studio Solution File, Format Version 12.00
Project("{FAE04EC0-301F-11D3-BF4B-00C04F79EFBC}") = "wasm-test", "wasm-test\wasm-test.csproj", "{220940BA-0911-4BCA-AEED-B255B91B2F41}"
EndProject
Project("{FAE04EC0-301F-11D3-BF4B-00C04F79EFBC}") = "TestProject1", "TestProject1\TestProject1.csproj", "{8768CF6E-5B26-42B1-88FA-B99084FE010F}"
EndProject
Global
	GlobalSection(SolutionConfigurationPlatforms) = preSolution
		Debug|Any CPU = Debug|Any CPU
		Release|Any CPU = Release|Any CPU
	EndGlobalSection
	GlobalSection(ProjectConfigurationPlatforms) = postSolution
		{220940BA-0911-4BCA-AEED-B255B91B2F41}.Debug|Any CPU.ActiveCfg = Debug|Any CPU
		{220940BA-0911-4BCA-AEED-B255B91B2F41}.Debug|Any CPU.Build.0 = Debug|Any CPU
		{220940BA-0911-4BCA-AEED-B255B91B2F41}.Release|Any CPU.ActiveCfg = Release|Any CPU
		{220940BA-0911-4BCA-AEED-B255B91B2F41}.Release|Any CPU.Build.0 = Release|Any CPU
		{8768CF6E-5B26-42B1-88FA-B99084FE010F}.Debug|Any CPU.ActiveCfg = Debug|Any CPU
		{8768CF6E-5B26-42B1-88FA-B99084FE010F}.Debug|Any CPU.Build.0 = Debug|Any CPU
		{8768CF6E-5B26-42B1-88FA-B99084FE010F}.Release|Any CPU.ActiveCfg = Release|Any CPU
		{8768CF6E-5B26-42B1-88FA-B99084FE010F}.Release|Any CPU.Build.0 = Release|Any CPU
	EndGlobalSection
EndGlobal
